github.com/google/uuid v1.6.0 h1:NIvaJDMOsjHA8n1jAhLSgzrAzy1Hgr+hNrb57e+94F0=
github.com/google/uuid v1.6.0/go.mod h1:TIyPZe4MgqvfeYDBFedMoGGpEw/LqOeaOT+nhxU+yHo=
github.com/na4ma4/go-permbits v0.5.0 h1:OEi2xvhL/zP8SAztL+EtAvliBpy65ClEvySaqwjC80A=
github.com/na4ma4/go-permbits v0.5.0/go.mod h1:H6x6cBVERE0vpRiMP95tjjbN/jionjjjzGPqaHTAie4=
github.com/pascaldekloe/jwt v1.12.0 h1:imQSkPOtAIBAXoKKjL9ZVJuF/rVqJ+ntiLGpLyeqMUQ=
github.com/pascaldekloe/jwt v1.12.0/go.mod h1:LiIl7EwaglmH1hWThd/AmydNCnHf/mmfluBlNqHbk8U=
github.com/spf13/afero v1.11.0 h1:WJQKhtpdm3v2IzqG8VMqrr6Rf3UYpEF239Jy9wNepM8=
github.com/spf13/afero v1.11.0/go.mod h1:GH9Y3pIexgf1MTIWtNGyogA5MwRIDXGUr+hbWNoBjkY=
golang.org/x/text v0.14.0 h1:ScX5w1eTa3QqT8oi6+ziP7dTV1S2+ALU0bI+0zXKWiQ=
golang.org/x/text v0.14.0/go.mod h1:18ZOQIKpY8NJVqYksKHtTdi31H5itFRjB5/qKTNYzSU=
